
Microsoft Visual Studio Solution File, Format Version 12.00
# Visual Studio Version 16
VisualStudioVersion = 16.0.31613.86
MinimumVisualStudioVersion = 10.0.40219.1
Project("{FAE04EC0-301F-11D3-BF4B-00C04F79EFBC}") = "Metodos", "Metodos\Metodos.csproj", "{A0A4CA53-767B-4C7A-8D29-0DF207656D08}"
EndProject
Global
	GlobalSection(SolutionConfigurationPlatforms) = preSolution
		Debug|Any CPU = Debug|Any CPU
		Release|Any CPU = Release|Any CPU
	EndGlobalSection
	GlobalSection(ProjectConfigurationPlatforms) = postSolution
		{A0A4CA53-767B-4C7A-8D29-0DF207656D08}.Debug|Any CPU.ActiveCfg = Debug|Any CPU
		{A0A4CA53-767B-4C7A-8D29-0DF207656D08}.Debug|Any CPU.Build.0 = Debug|Any CPU
		{A0A4CA53-767B-4C7A-8D29-0DF207656D08}.Release|Any CPU.ActiveCfg = Release|Any CPU
		{A0A4CA53-767B-4C7A-8D29-0DF207656D08}.Release|Any CPU.Build.0 = Release|Any CPU
	EndGlobalSection
	GlobalSection(SolutionProperties) = preSolution
		HideSolutionNode = FALSE
	EndGlobalSection
	GlobalSection(ExtensibilityGlobals) = postSolution
		SolutionGuid = {7822EBAC-952A-40B7-A83F-C6C10A39A618}
	EndGlobalSection
EndGlobal
